
Microsoft Visual Studio Solution File, Format Version 12.00
# Visual Studio Version 17
VisualStudioVersion = 17.6.33815.320
MinimumVisualStudioVersion = 10.0.40219.1
Project("{FAE04EC0-301F-11D3-BF4B-00C04F79EFBC}") = "Part 3 - Console Input", "Part 3 - Console Input.csproj", "{96A9E37A-2FA7-47FB-A292-8DB7E475665D}"
EndProject
Global
	GlobalSection(SolutionConfigurationPlatforms) = preSolution
		Debug|Any CPU = Debug|Any CPU
		Release|Any CPU = Release|Any CPU
	EndGlobalSection
	GlobalSection(ProjectConfigurationPlatforms) = postSolution
		{96A9E37A-2FA7-47FB-A292-8DB7E475665D}.Debug|Any CPU.ActiveCfg = Debug|Any CPU
		{96A9E37A-2FA7-47FB-A292-8DB7E475665D}.Debug|Any CPU.Build.0 = Debug|Any CPU
		{96A9E37A-2FA7-47FB-A292-8DB7E475665D}.Release|Any CPU.ActiveCfg = Release|Any CPU
		{96A9E37A-2FA7-47FB-A292-8DB7E475665D}.Release|Any CPU.Build.0 = Release|Any CPU
	EndGlobalSection
	GlobalSection(SolutionProperties) = preSolution
		HideSolutionNode = FALSE
	EndGlobalSection
	GlobalSection(ExtensibilityGlobals) = postSolution
		SolutionGuid = {42E82E3F-C1D0-4B13-9637-2652D9D02C30}
	EndGlobalSection
EndGlobal
